
Microsoft Visual Studio Solution File, Format Version 12.00
# Visual Studio Version 17
VisualStudioVersion = 17.0.31903.59
MinimumVisualStudioVersion = 10.0.40219.1
Project("{9A19103F-16F7-4668-BE54-9A1E7A4F7556}") = "SimulationStandard", "SimulationStandard\SimulationStandard.csproj", "{830759E4-199E-4286-A352-A7A9CFBAB650}"
EndProject
Project("{9A19103F-16F7-4668-BE54-9A1E7A4F7556}") = "BackendAPI", "BackendAPI\BackendAPI.csproj", "{6B273B15-3456-433F-AB76-EC9230DA4E74}"
EndProject
Project("{9A19103F-16F7-4668-BE54-9A1E7A4F7556}") = "Persistence", "Persistence\Persistence.csproj", "{DF4347C8-D189-45F8-9C41-8E23A760CBF9}"
EndProject
Project("{9A19103F-16F7-4668-BE54-9A1E7A4F7556}") = "Domain", "Domain\Domain.csproj", "{E0A1D775-F93B-44AE-886D-94E34697F5B3}"
EndProject
Project("{E53339B2-1760-4266-BCC7-CA923CBCF16C}") = "docker-compose", "docker-compose.dcproj", "{3ACFDF77-1E3A-4ACB-B4E0-802AD96FB27E}"
EndProject
Global
	GlobalSection(SolutionConfigurationPlatforms) = preSolution
		Debug|Any CPU = Debug|Any CPU
		Release|Any CPU = Release|Any CPU
	EndGlobalSection
	GlobalSection(ProjectConfigurationPlatforms) = postSolution
		{830759E4-199E-4286-A352-A7A9CFBAB650}.Debug|Any CPU.ActiveCfg = Debug|Any CPU
		{830759E4-199E-4286-A352-A7A9CFBAB650}.Debug|Any CPU.Build.0 = Debug|Any CPU
		{830759E4-199E-4286-A352-A7A9CFBAB650}.Release|Any CPU.ActiveCfg = Release|Any CPU
		{830759E4-199E-4286-A352-A7A9CFBAB650}.Release|Any CPU.Build.0 = Release|Any CPU
		{6B273B15-3456-433F-AB76-EC9230DA4E74}.Debug|Any CPU.ActiveCfg = Debug|Any CPU
		{6B273B15-3456-433F-AB76-EC9230DA4E74}.Debug|Any CPU.Build.0 = Debug|Any CPU
		{6B273B15-3456-433F-AB76-EC9230DA4E74}.Release|Any CPU.ActiveCfg = Release|Any CPU
		{6B273B15-3456-433F-AB76-EC9230DA4E74}.Release|Any CPU.Build.0 = Release|Any CPU
		{DF4347C8-D189-45F8-9C41-8E23A760CBF9}.Debug|Any CPU.ActiveCfg = Debug|Any CPU
		{DF4347C8-D189-45F8-9C41-8E23A760CBF9}.Debug|Any CPU.Build.0 = Debug|Any CPU
		{DF4347C8-D189-45F8-9C41-8E23A760CBF9}.Release|Any CPU.ActiveCfg = Release|Any CPU
		{DF4347C8-D189-45F8-9C41-8E23A760CBF9}.Release|Any CPU.Build.0 = Release|Any CPU
		{E0A1D775-F93B-44AE-886D-94E34697F5B3}.Debug|Any CPU.ActiveCfg = Debug|Any CPU
		{E0A1D775-F93B-44AE-886D-94E34697F5B3}.Debug|Any CPU.Build.0 = Debug|Any CPU
		{E0A1D775-F93B-44AE-886D-94E34697F5B3}.Release|Any CPU.ActiveCfg = Release|Any CPU
		{E0A1D775-F93B-44AE-886D-94E34697F5B3}.Release|Any CPU.Build.0 = Release|Any CPU
		{3ACFDF77-1E3A-4ACB-B4E0-802AD96FB27E}.Debug|Any CPU.ActiveCfg = Debug|Any CPU
		{3ACFDF77-1E3A-4ACB-B4E0-802AD96FB27E}.Debug|Any CPU.Build.0 = Debug|Any CPU
		{3ACFDF77-1E3A-4ACB-B4E0-802AD96FB27E}.Release|Any CPU.ActiveCfg = Release|Any CPU
		{3ACFDF77-1E3A-4ACB-B4E0-802AD96FB27E}.Release|Any CPU.Build.0 = Release|Any CPU
	EndGlobalSection
	GlobalSection(SolutionProperties) = preSolution
		HideSolutionNode = FALSE
	EndGlobalSection
	GlobalSection(ExtensibilityGlobals) = postSolution
		SolutionGuid = {1D6B7B6A-D7D8-401D-840B-7AE0C243D474}
	EndGlobalSection
EndGlobal
